
Microsoft Visual Studio Solution File, Format Version 12.00
# Visual Studio Version 17
VisualStudioVersion = 17.10.35013.160
MinimumVisualStudioVersion = 10.0.40219.1
Project("{FAE04EC0-301F-11D3-BF4B-00C04F79EFBC}") = "task1-25-5", "task1-25-5\task1-25-5.csproj", "{8398B144-E413-463E-96A9-98DD4FD41178}"
EndProject
Global
	GlobalSection(SolutionConfigurationPlatforms) = preSolution
		Debug|Any CPU = Debug|Any CPU
		Release|Any CPU = Release|Any CPU
	EndGlobalSection
	GlobalSection(ProjectConfigurationPlatforms) = postSolution
		{8398B144-E413-463E-96A9-98DD4FD41178}.Debug|Any CPU.ActiveCfg = Debug|Any CPU
		{8398B144-E413-463E-96A9-98DD4FD41178}.Debug|Any CPU.Build.0 = Debug|Any CPU
		{8398B144-E413-463E-96A9-98DD4FD41178}.Release|Any CPU.ActiveCfg = Release|Any CPU
		{8398B144-E413-463E-96A9-98DD4FD41178}.Release|Any CPU.Build.0 = Release|Any CPU
	EndGlobalSection
	GlobalSection(SolutionProperties) = preSolution
		HideSolutionNode = FALSE
	EndGlobalSection
	GlobalSection(ExtensibilityGlobals) = postSolution
		SolutionGuid = {7270B8DC-ADE8-4C2F-8DEF-4CF5478DBCB6}
	EndGlobalSection
EndGlobal
